
Microsoft Visual Studio Solution File, Format Version 12.00
# Visual Studio Version 17
VisualStudioVersion = 17.4.33103.184
MinimumVisualStudioVersion = 10.0.40219.1
Project("{FAE04EC0-301F-11D3-BF4B-00C04F79EFBC}") = "ToDo-Uygulamasi", "ToDo-Uygulamasi\ToDo-Uygulamasi.csproj", "{611F6642-3D0B-4DE1-A912-91FC896CE5F8}"
EndProject
Global
	GlobalSection(SolutionConfigurationPlatforms) = preSolution
		Debug|Any CPU = Debug|Any CPU
		Release|Any CPU = Release|Any CPU
	EndGlobalSection
	GlobalSection(ProjectConfigurationPlatforms) = postSolution
		{611F6642-3D0B-4DE1-A912-91FC896CE5F8}.Debug|Any CPU.ActiveCfg = Debug|Any CPU
		{611F6642-3D0B-4DE1-A912-91FC896CE5F8}.Debug|Any CPU.Build.0 = Debug|Any CPU
		{611F6642-3D0B-4DE1-A912-91FC896CE5F8}.Release|Any CPU.ActiveCfg = Release|Any CPU
		{611F6642-3D0B-4DE1-A912-91FC896CE5F8}.Release|Any CPU.Build.0 = Release|Any CPU
	EndGlobalSection
	GlobalSection(SolutionProperties) = preSolution
		HideSolutionNode = FALSE
	EndGlobalSection
	GlobalSection(ExtensibilityGlobals) = postSolution
		SolutionGuid = {FDED14D2-8F02-4635-82E9-C7EF460925D6}
	EndGlobalSection
EndGlobal
